{
  "requires": true,
  "lockfileVersion": 1,
  "dependencies": {
    "date-and-time": {
      "version": "2.0.1",
      "resolved": "https://registry.npmjs.org/date-and-time/-/date-and-time-2.0.1.tgz",
      "integrity": "sha512-O7Xe5dLaqvY/aF/MFWArsAM1J4j7w1CSZlPCX9uHgmb+6SbkPd8Q4YOvfvH/cZGvFlJFfHOZKxQtmMUOoZhc/w=="
    },
    "validator": {
      "version": "13.6.0",
      "resolved": "https://registry.npmjs.org/validator/-/validator-13.6.0.tgz",
      "integrity": "sha512-gVgKbdbHgtxpRyR8K0O6oFZPhhB5tT1jeEHZR0Znr9Svg03U0+r9DXWMrnRAB+HtCStDQKlaIZm42tVsVjqtjg=="
    }
  }
}
